
Microsoft Visual Studio Solution File, Format Version 12.00
# Visual Studio Version 17
VisualStudioVersion = 17.8.34511.84
MinimumVisualStudioVersion = 10.0.40219.1
Project("{FAE04EC0-301F-11D3-BF4B-00C04F79EFBC}") = "EcommerceAdmin", "EcommerceAdmin.csproj", "{4720239F-AAEF-4A70-B259-A4C839024E0B}"
EndProject
Global
	GlobalSection(SolutionConfigurationPlatforms) = preSolution
		Debug|Any CPU = Debug|Any CPU
		Release|Any CPU = Release|Any CPU
	EndGlobalSection
	GlobalSection(ProjectConfigurationPlatforms) = postSolution
		{4720239F-AAEF-4A70-B259-A4C839024E0B}.Debug|Any CPU.ActiveCfg = Debug|Any CPU
		{4720239F-AAEF-4A70-B259-A4C839024E0B}.Debug|Any CPU.Build.0 = Debug|Any CPU
		{4720239F-AAEF-4A70-B259-A4C839024E0B}.Release|Any CPU.ActiveCfg = Release|Any CPU
		{4720239F-AAEF-4A70-B259-A4C839024E0B}.Release|Any CPU.Build.0 = Release|Any CPU
	EndGlobalSection
	GlobalSection(SolutionProperties) = preSolution
		HideSolutionNode = FALSE
	EndGlobalSection
	GlobalSection(ExtensibilityGlobals) = postSolution
		SolutionGuid = {868724E1-D0A9-4604-AEC8-1901D274195C}
	EndGlobalSection
EndGlobal
